// !$*UTF8*$!
{
	archiveVersion = 1;
	classes = {
	};
	objectVersion = 56;
	objects = {

/* Begin PBXBuildFile section */
		5D5E21C229D56E5500319BFE /* TitileTableViewCell.swift in Sources */ = {isa = PBXBuildFile; fileRef = 5D5E21C029D56E5500319BFE /* TitileTableViewCell.swift */; };
		5D5E21C329D56E5500319BFE /* TitileTableViewCell.xib in Resources */ = {isa = PBXBuildFile; fileRef = 5D5E21C129D56E5500319BFE /* TitileTableViewCell.xib */; };
		5DB823E329CEBF3300619EF9 /* AppDelegate.swift in Sources */ = {isa = PBXBuildFile; fileRef = 5DB823E229CEBF3300619EF9 /* AppDelegate.swift */; };
		5DB823E529CEBF3300619EF9 /* SceneDelegate.swift in Sources */ = {isa = PBXBuildFile; fileRef = 5DB823E429CEBF3300619EF9 /* SceneDelegate.swift */; };
		5DB823E729CEBF3300619EF9 /* ViewController.swift in Sources */ = {isa = PBXBuildFile; fileRef = 5DB823E629CEBF3300619EF9 /* ViewController.swift */; };
		5DB823EA29CEBF3300619EF9 /* Main.storyboard in Resources */ = {isa = PBXBuildFile; fileRef = 5DB823E829CEBF3300619EF9 /* Main.storyboard */; };
		5DB823EC29CEBF3700619EF9 /* Assets.xcassets in Resources */ = {isa = PBXBuildFile; fileRef = 5DB823EB29CEBF3700619EF9 /* Assets.xcassets */; };
		5DB823EF29CEBF3700619EF9 /* LaunchScreen.storyboard in Resources */ = {isa = PBXBuildFile; fileRef = 5DB823ED29CEBF3700619EF9 /* LaunchScreen.storyboard */; };
/* End PBXBuildFile section */

/* Begin PBXFileReference section */
		5D5E21C029D56E5500319BFE /* TitileTableViewCell.swift */ = {isa = PBXFileReference; lastKnownFileType = sourcecode.swift; path = TitileTableViewCell.swift; sourceTree = "<group>"; };
		5D5E21C129D56E5500319BFE /* TitileTableViewCell.xib */ = {isa = PBXFileReference; lastKnownFileType = file.xib; path = TitileTableViewCell.xib; sourceTree = "<group>"; };
		5DB823DF29CEBF3300619EF9 /* Side menu.app */ = {isa = PBXFileReference; explicitFileType = wrapper.application; includeInIndex = 0; path = "Side menu.app"; sourceTree = BUILT_PRODUCTS_DIR; };
		5DB823E229CEBF3300619EF9 /* AppDelegate.swift */ = {isa = PBXFileReference; lastKnownFileType = sourcecode.swift; path = AppDelegate.swift; sourceTree = "<group>"; };
		5DB823E429CEBF3300619EF9 /* SceneDelegate.swift */ = {isa = PBXFileReference; lastKnownFileType = sourcecode.swift; path = SceneDelegate.swift; sourceTree = "<group>"; };
		5DB823E629CEBF3300619EF9 /* ViewController.swift */ = {isa = PBXFileReference; lastKnownFileType = sourcecode.swift; path = ViewController.swift; sourceTree = "<group>"; };
		5DB823E929CEBF3300619EF9 /* Base */ = {isa = PBXFileReference; lastKnownFileType = file.storyboard; name = Base; path = Base.lproj/Main.storyboard; sourceTree = "<group>"; };
		5DB823EB29CEBF3700619EF9 /* Assets.xcassets */ = {isa = PBXFileReference; lastKnownFileType = folder.assetcatalog; path = Assets.xcassets; sourceTree = "<group>"; };
		5DB823EE29CEBF3700619EF9 /* Base */ = {isa = PBXFileReference; lastKnownFileType = file.storyboard; name = Base; path = Base.lproj/LaunchScreen.storyboard; sourceTree = "<group>"; };
		5DB823F029CEBF3700619EF9 /* Info.plist */ = {isa = PBXFileReference; lastKnownFileType = text.plist.xml; path = Info.plist; sourceTree = "<group>"; };
/* End PBXFileReference section */

/* Begin PBXFrameworksBuildPhase section */
		5DB823DC29CEBF3300619EF9 /* Frameworks */ = {
			isa = PBXFrameworksBuildPhase;
			buildActionMask = 2147483647;
			files = (
			);
			runOnlyForDeploymentPostprocessing = 0;
		};
/* End PBXFrameworksBuildPhase section */

/* Begin PBXGroup section */
		5DB823D629CEBF3300619EF9 = {
			isa = PBXGroup;
			children = (
				5DB823E129CEBF3300619EF9 /* Side menu */,
				5DB823E029CEBF3300619EF9 /* Products */,
			);
			sourceTree = "<group>";
		};
		5DB823E029CEBF3300619EF9 /* Products */ = {
			isa = PBXGroup;
			children = (
				5DB823DF29CEBF3300619EF9 /* Side menu.app */,
			);
			name = Products;
			sourceTree = "<group>";
		};
		5DB823E129CEBF3300619EF9 /* Side menu */ = {
			isa = PBXGroup;
			children = (
				5DB823E229CEBF3300619EF9 /* AppDelegate.swift */,
				5DB823E429CEBF3300619EF9 /* SceneDelegate.swift */,
				5DB823E629CEBF3300619EF9 /* ViewController.swift */,
				5D5E21C029D56E5500319BFE /* TitileTableViewCell.swift */,
				5D5E21C129D56E5500319BFE /* TitileTableViewCell.xib */,
				5DB823E829CEBF3300619EF9 /* Main.storyboard */,
				5DB823EB29CEBF3700619EF9 /* Assets.xcassets */,
				5DB823ED29CEBF3700619EF9 /* LaunchScreen.storyboard */,
				5DB823F029CEBF3700619EF9 /* Info.plist */,
			);
			path = "Side menu";
			sourceTree = "<group>";
		};
/* End PBXGroup section */

/* Begin PBXNativeTarget section */
		5DB823DE29CEBF3300619EF9 /* Side menu */ = {
			isa = PBXNativeTarget;
			buildConfigurationList = 5DB823F329CEBF3700619EF9 /* Build configuration list for PBXNativeTarget "Side menu" */;
			buildPhases = (
				5DB823DB29CEBF3300619EF9 /* Sources */,
				5DB823DC29CEBF3300619EF9 /* Frameworks */,
				5DB823DD29CEBF3300619EF9 /* Resources */,
			);
			buildRules = (
			);
			dependencies = (
			);
			name = "Side menu";
			productName = "Side menu";
			productReference = 5DB823DF29CEBF3300619EF9 /* Side menu.app */;
			productType = "com.apple.product-type.application";
		};
/* End PBXNativeTarget section */

/* Begin PBXProject section */
		5DB823D729CEBF3300619EF9 /* Project object */ = {
			isa = PBXProject;
			attributes = {
				BuildIndependentTargetsInParallel = 1;
				LastSwiftUpdateCheck = 1420;
				LastUpgradeCheck = 1420;
				TargetAttributes = {
					5DB823DE29CEBF3300619EF9 = {
						CreatedOnToolsVersion = 14.2;
					};
				};
			};
			buildConfigurationList = 5DB823DA29CEBF3300619EF9 /* Build configuration list for PBXProject "Side menu" */;
			compatibilityVersion = "Xcode 14.0";
			developmentRegion = en;
			hasScannedForEncodings = 0;
			knownRegions = (
				en,
				Base,
			);
			mainGroup = 5DB823D629CEBF3300619EF9;
			productRefGroup = 5DB823E029CEBF3300619EF9 /* Products */;
			projectDirPath = "";
			projectRoot = "";
			targets = (
				5DB823DE29CEBF3300619EF9 /* Side menu */,
			);
		};
/* End PBXProject section */

/* Begin PBXResourcesBuildPhase section */
		5DB823DD29CEBF3300619EF9 /* Resources */ = {
			isa = PBXResourcesBuildPhase;
			buildActionMask = 2147483647;
			files = (
				5DB823EF29CEBF3700619EF9 /* LaunchScreen.storyboard in Resources */,
				5DB823EC29CEBF3700619EF9 /* Assets.xcassets in Resources */,
				5D5E21C329D56E5500319BFE /* TitileTableViewCell.xib in Resources */,
				5DB823EA29CEBF3300619EF9 /* Main.storyboard in Resources */,
			);
			runOnlyForDeploymentPostprocessing = 0;
		};
/* End PBXResourcesBuildPhase section */

/* Begin PBXSourcesBuildPhase section */
		5DB823DB29CEBF3300619EF9 /* Sources */ = {
			isa = PBXSourcesBuildPhase;
			buildActionMask = 2147483647;
			files = (
				5DB823E729CEBF3300619EF9 /* ViewController.swift in Sources */,
				5DB823E329CEBF3300619EF9 /* AppDelegate.swift in Sources */,
				5D5E21C229D56E5500319BFE /* TitileTableViewCell.swift in Sources */,
				5DB823E529CEBF3300619EF9 /* SceneDelegate.swift in Sources */,
			);
			runOnlyForDeploymentPostprocessing = 0;
		};
/* End PBXSourcesBuildPhase section */

/* Begin PBXVariantGroup section */
		5DB823E829CEBF3300619EF9 /* Main.storyboard */ = {
			isa = PBXVariantGroup;
			children = (
				5DB823E929CEBF3300619EF9 /* Base */,
			);
			name = Main.storyboard;
			sourceTree = "<group>";
		};
		5DB823ED29CEBF3700619EF9 /* LaunchScreen.storyboard */ = {
			isa = PBXVariantGroup;
			children = (
				5DB823EE29CEBF3700619EF9 /* Base */,
			);
			name = LaunchScreen.storyboard;
			sourceTree = "<group>";
		};
/* End PBXVariantGroup section */

/* Begin XCBuildConfiguration section */
		5DB823F129CEBF3700619EF9 /* Debug */ = {
			isa = XCBuildConfiguration;
			buildSettings = {
				ALWAYS_SEARCH_USER_PATHS = NO;
				CLANG_ANALYZER_NONNULL = YES;
				CLANG_ANALYZER_NUMBER_OBJECT_CONVERSION = YES_AGGRESSIVE;
				CLANG_CXX_LANGUAGE_STANDARD = "gnu++20";
				CLANG_ENABLE_MODULES = YES;
				CLANG_ENABLE_OBJC_ARC = YES;
				CLANG_ENABLE_OBJC_WEAK = YES;
				CLANG_WARN_BLOCK_CAPTURE_AUTORELEASING = YES;
				CLANG_WARN_BOOL_CONVERSION = YES;
				CLANG_WARN_COMMA = YES;
				CLANG_WARN_CONSTANT_CONVERSION = YES;
				CLANG_WARN_DEPRECATED_OBJC_IMPLEMENTATIONS = YES;
				CLANG_WARN_DIRECT_OBJC_ISA_USAGE = YES_ERROR;
				CLANG_WARN_DOCUMENTATION_COMMENTS = YES;
				CLANG_WARN_EMPTY_BODY = YES;
				CLANG_WARN_ENUM_CONVERSION = YES;
				CLANG_WARN_INFINITE_RECURSION = YES;
				CLANG_WARN_INT_CONVERSION = YES;
				CLANG_WARN_NON_LITERAL_NULL_CONVERSION = YES;
				CLANG_WARN_OBJC_IMPLICIT_RETAIN_SELF = YES;
				CLANG_WARN_OBJC_LITERAL_CONVERSION = YES;
				CLANG_WARN_OBJC_ROOT_CLASS = YES_ERROR;
				CLANG_WARN_QUOTED_INCLUDE_IN_FRAMEWORK_HEADER = YES;
				CLANG_WARN_RANGE_LOOP_ANALYSIS = YES;
				CLANG_WARN_STRICT_PROTOTYPES = YES;
				CLANG_WARN_SUSPICIOUS_MOVE = YES;
				CLANG_WARN_UNGUARDED_AVAILABILITY = YES_AGGRESSIVE;
				CLANG_WARN_UNREACHABLE_CODE = YES;
				CLANG_WARN__DUPLICATE_METHOD_MATCH = YES;
				COPY_PHASE_STRIP = NO;
				DEBUG_INFORMATION_FORMAT = dwarf;
				ENABLE_STRICT_OBJC_MSGSEND = YES;
				ENABLE_TESTABILITY = YES;
				GCC_C_LANGUAGE_STANDARD = gnu11;
				GCC_DYNAMIC_NO_PIC = NO;
				GCC_NO_COMMON_BLOCKS = YES;
				GCC_OPTIMIZATION_LEVEL = 0;
				GCC_PREPROCESSOR_DEFINITIONS = (
					"DEBUG=1",
					"$(inherited)",
				);
				GCC_WARN_64_TO_32_BIT_CONVERSION = YES;
				GCC_WARN_ABOUT_RETURN_TYPE = YES_ERROR;
				GCC_WARN_UNDECLARED_SELECTOR = YES;
				GCC_WARN_UNINITIALIZED_AUTOS = YES_AGGRESSIVE;
				GCC_WARN_UNUSED_FUNCTION = YES;
				GCC_WARN_UNUSED_VARIABLE = YES;
				IPHONEOS_DEPLOYMENT_TARGET = 16.2;
				MTL_ENABLE_DEBUG_INFO = INCLUDE_SOURCE;
				MTL_FAST_MATH = YES;
				ONLY_ACTIVE_ARCH = YES;
				SDKROOT = iphoneos;
				SWIFT_ACTIVE_COMPILATION_CONDITIONS = DEBUG;
				SWIFT_OPTIMIZATION_LEVEL = "-Onone";
			};
			name = Debug;
		};
		5DB823F229CEBF3700619EF9 /* Release */ = {
			isa = XCBuildConfiguration;
			buildSettings = {
				ALWAYS_SEARCH_USER_PATHS = NO;
				CLANG_ANALYZER_NONNULL = YES;
				CLANG_ANALYZER_NUMBER_OBJECT_CONVERSION = YES_AGGRESSIVE;
				CLANG_CXX_LANGUAGE_STANDARD = "gnu++20";
				CLANG_ENABLE_MODULES = YES;
				CLANG_ENABLE_OBJC_ARC = YES;
				CLANG_ENABLE_OBJC_WEAK = YES;
				CLANG_WARN_BLOCK_CAPTURE_AUTORELEASING = YES;
				CLANG_WARN_BOOL_CONVERSION = YES;
				CLANG_WARN_COMMA = YES;
				CLANG_WARN_CONSTANT_CONVERSION = YES;
				CLANG_WARN_DEPRECATED_OBJC_IMPLEMENTATIONS = YES;
				CLANG_WARN_DIRECT_OBJC_ISA_USAGE = YES_ERROR;
				CLANG_WARN_DOCUMENTATION_COMMENTS = YES;
				CLANG_WARN_EMPTY_BODY = YES;
				CLANG_WARN_ENUM_CONVERSION = YES;
				CLANG_WARN_INFINITE_RECURSION = YES;
				CLANG_WARN_INT_CONVERSION = YES;
				CLANG_WARN_NON_LITERAL_NULL_CONVERSION = YES;
				CLANG_WARN_OBJC_IMPLICIT_RETAIN_SELF = YES;
				CLANG_WARN_OBJC_LITERAL_CONVERSION = YES;
				CLANG_WARN_OBJC_ROOT_CLASS = YES_ERROR;
				CLANG_WARN_QUOTED_INCLUDE_IN_FRAMEWORK_HEADER = YES;
				CLANG_WARN_RANGE_LOOP_ANALYSIS = YES;
				CLANG_WARN_STRICT_PROTOTYPES = YES;
				CLANG_WARN_SUSPICIOUS_MOVE = YES;
				CLANG_WARN_UNGUARDED_AVAILABILITY = YES_AGGRESSIVE;
				CLANG_WARN_UNREACHABLE_CODE = YES;
				CLANG_WARN__DUPLICATE_METHOD_MATCH = YES;
				COPY_PHASE_STRIP = NO;
				DEBUG_INFORMATION_FORMAT = "dwarf-with-dsym";
				ENABLE_NS_ASSERTIONS = NO;
				ENABLE_STRICT_OBJC_MSGSEND = YES;
				GCC_C_LANGUAGE_STANDARD = gnu11;
				GCC_NO_COMMON_BLOCKS = YES;
				GCC_WARN_64_TO_32_BIT_CONVERSION = YES;
				GCC_WARN_ABOUT_RETURN_TYPE = YES_ERROR;
				GCC_WARN_UNDECLARED_SELECTOR = YES;
				GCC_WARN_UNINITIALIZED_AUTOS = YES_AGGRESSIVE;
				GCC_WARN_UNUSED_FUNCTION = YES;
				GCC_WARN_UNUSED_VARIABLE = YES;
				IPHONEOS_DEPLOYMENT_TARGET = 16.2;
				MTL_ENABLE_DEBUG_INFO = NO;
				MTL_FAST_MATH = YES;
				SDKROOT = iphoneos;
				SWIFT_COMPILATION_MODE = wholemodule;
				SWIFT_OPTIMIZATION_LEVEL = "-O";
				VALIDATE_PRODUCT = YES;
			};
			name = Release;
		};
		5DB823F429CEBF3700619EF9 /* Debug */ = {
			isa = XCBuildConfiguration;
			buildSettings = {
				ASSETCATALOG_COMPILER_APPICON_NAME = AppIcon;
				ASSETCATALOG_COMPILER_GLOBAL_ACCENT_COLOR_NAME = AccentColor;
				CODE_SIGN_STYLE = Automatic;
				CURRENT_PROJECT_VERSION = 1;
				GENERATE_INFOPLIST_FILE = YES;
				INFOPLIST_FILE = "Side menu/Info.plist";
				INFOPLIST_KEY_UIApplicationSupportsIndirectInputEvents = YES;
				INFOPLIST_KEY_UILaunchStoryboardName = LaunchScreen;
				INFOPLIST_KEY_UIMainStoryboardFile = Main;
				INFOPLIST_KEY_UISupportedInterfaceOrientations_iPad = "UIInterfaceOrientationPortrait UIInterfaceOrientationPortraitUpsideDown UIInterfaceOrientationLandscapeLeft UIInterfaceOrientationLandscapeRight";
				INFOPLIST_KEY_UISupportedInterfaceOrientations_iPhone = "UIInterfaceOrientationPortrait UIInterfaceOrientationLandscapeLeft UIInterfaceOrientationLandscapeRight";
				LD_RUNPATH_SEARCH_PATHS = (
					"$(inherited)",
					"@executable_path/Frameworks",
				);
				MARKETING_VERSION = 1.0;
				PRODUCT_BUNDLE_IDENTIFIER = "dev.in.Side-menu";
				PRODUCT_NAME = "$(TARGET_NAME)";
				SWIFT_EMIT_LOC_STRINGS = YES;
				SWIFT_VERSION = 5.0;
				TARGETED_DEVICE_FAMILY = "1,2";
			};
			name = Debug;
		};
		5DB823F529CEBF3700619EF9 /* Release */ = {
			isa = XCBuildConfiguration;
			buildSettings = {
				ASSETCATALOG_COMPILER_APPICON_NAME = AppIcon;
				ASSETCATALOG_COMPILER_GLOBAL_ACCENT_COLOR_NAME = AccentColor;
				CODE_SIGN_STYLE = Automatic;
				CURRENT_PROJECT_VERSION = 1;
				GENERATE_INFOPLIST_FILE = YES;
				INFOPLIST_FILE = "Side menu/Info.plist";
				INFOPLIST_KEY_UIApplicationSupportsIndirectInputEvents = YES;
				INFOPLIST_KEY_UILaunchStoryboardName = LaunchScreen;
				INFOPLIST_KEY_UIMainStoryboardFile = Main;
				INFOPLIST_KEY_UISupportedInterfaceOrientations_iPad = "UIInterfaceOrientationPortrait UIInterfaceOrientationPortraitUpsideDown UIInterfaceOrientationLandscapeLeft UIInterfaceOrientationLandscapeRight";
				INFOPLIST_KEY_UISupportedInterfaceOrientations_iPhone = "UIInterfaceOrientationPortrait UIInterfaceOrientationLandscapeLeft UIInterfaceOrientationLandscapeRight";
				LD_RUNPATH_SEARCH_PATHS = (
					"$(inherited)",
					"@executable_path/Frameworks",
				);
				MARKETING_VERSION = 1.0;
				PRODUCT_BUNDLE_IDENTIFIER = "dev.in.Side-menu";
				PRODUCT_NAME = "$(TARGET_NAME)";
				SWIFT_EMIT_LOC_STRINGS = YES;
				SWIFT_VERSION = 5.0;
				TARGETED_DEVICE_FAMILY = "1,2";
			};
			name = Release;
		};
/* End XCBuildConfiguration section */

/* Begin XCConfigurationList section */
		5DB823DA29CEBF3300619EF9 /* Build configuration list for PBXProject "Side menu" */ = {
			isa = XCConfigurationList;
			buildConfigurations = (
				5DB823F129CEBF3700619EF9 /* Debug */,
				5DB823F229CEBF3700619EF9 /* Release */,
			);
			defaultConfigurationIsVisible = 0;
			defaultConfigurationName = Release;
		};
		5DB823F329CEBF3700619EF9 /* Build configuration list for PBXNativeTarget "Side menu" */ = {
			isa = XCConfigurationList;
			buildConfigurations = (
				5DB823F429CEBF3700619EF9 /* Debug */,
				5DB823F529CEBF3700619EF9 /* Release */,
			);
			defaultConfigurationIsVisible = 0;
			defaultConfigurationName = Release;
		};
/* End XCConfigurationList section */
	};
	rootObject = 5DB823D729CEBF3300619EF9 /* Project object */;
}
